// !$*UTF8*$!
{
	archiveVersion = 1;
	classes = {
	};
	objectVersion = 46;
	objects = {

/* Begin PBXBuildFile section */
		ADE70CB91D7FEA1E00012A14 /* main.m in Sources */ = {isa = PBXBuildFile; fileRef = ADE70CB81D7FEA1E00012A14 /* main.m */; };
		ADE70CBC1D7FEA1E00012A14 /* AppDelegate.m in Sources */ = {isa = PBXBuildFile; fileRef = ADE70CBB1D7FEA1E00012A14 /* AppDelegate.m */; };
		ADE70CBF1D7FEA1E00012A14 /* ViewController.m in Sources */ = {isa = PBXBuildFile; fileRef = ADE70CBE1D7FEA1E00012A14 /* ViewController.m */; };
		ADE70CC21D7FEA1E00012A14 /* Main.storyboard in Resources */ = {isa = PBXBuildFile; fileRef = ADE70CC01D7FEA1E00012A14 /* Main.storyboard */; };
		ADE70CC41D7FEA1E00012A14 /* Assets.xcassets in Resources */ = {isa = PBXBuildFile; fileRef = ADE70CC31D7FEA1E00012A14 /* Assets.xcassets */; };
		ADE70CC71D7FEA1E00012A14 /* LaunchScreen.storyboard in Resources */ = {isa = PBXBuildFile; fileRef = ADE70CC51D7FEA1E00012A14 /* LaunchScreen.storyboard */; };
/* End PBXBuildFile section */

/* Begin PBXFileReference section */
		ADE70CB41D7FEA1E00012A14 /* login_github.app */ = {isa = PBXFileReference; explicitFileType = wrapper.application; includeInIndex = 0; path = login_github.app; sourceTree = BUILT_PRODUCTS_DIR; };
		ADE70CB81D7FEA1E00012A14 /* main.m */ = {isa = PBXFileReference; lastKnownFileType = sourcecode.c.objc; path = main.m; sourceTree = "<group>"; };
		ADE70CBA1D7FEA1E00012A14 /* AppDelegate.h */ = {isa = PBXFileReference; lastKnownFileType = sourcecode.c.h; path = AppDelegate.h; sourceTree = "<group>"; };
		ADE70CBB1D7FEA1E00012A14 /* AppDelegate.m */ = {isa = PBXFileReference; lastKnownFileType = sourcecode.c.objc; path = AppDelegate.m; sourceTree = "<group>"; };
		ADE70CBD1D7FEA1E00012A14 /* ViewController.h */ = {isa = PBXFileReference; lastKnownFileType = sourcecode.c.h; path = ViewController.h; sourceTree = "<group>"; };
		ADE70CBE1D7FEA1E00012A14 /* ViewController.m */ = {isa = PBXFileReference; lastKnownFileType = sourcecode.c.objc; path = ViewController.m; sourceTree = "<group>"; };
		ADE70CC11D7FEA1E00012A14 /* Base */ = {isa = PBXFileReference; lastKnownFileType = file.storyboard; name = Base; path = Base.lproj/Main.storyboard; sourceTree = "<group>"; };
		ADE70CC31D7FEA1E00012A14 /* Assets.xcassets */ = {isa = PBXFileReference; lastKnownFileType = folder.assetcatalog; path = Assets.xcassets; sourceTree = "<group>"; };
		ADE70CC61D7FEA1E00012A14 /* Base */ = {isa = PBXFileReference; lastKnownFileType = file.storyboard; name = Base; path = Base.lproj/LaunchScreen.storyboard; sourceTree = "<group>"; };
		ADE70CC81D7FEA1E00012A14 /* Info.plist */ = {isa = PBXFileReference; lastKnownFileType = text.plist.xml; path = Info.plist; sourceTree = "<group>"; };
/* End PBXFileReference section */

/* Begin PBXFrameworksBuildPhase section */
		ADE70CB11D7FEA1E00012A14 /* Frameworks */ = {
			isa = PBXFrameworksBuildPhase;
			buildActionMask = 2147483647;
			files = (
			);
			runOnlyForDeploymentPostprocessing = 0;
		};
/* End PBXFrameworksBuildPhase section */

/* Begin PBXGroup section */
		ADE70CAB1D7FEA1E00012A14 = {
			isa = PBXGroup;
			children = (
				ADE70CB61D7FEA1E00012A14 /* login_github */,
				ADE70CB51D7FEA1E00012A14 /* Products */,
			);
			sourceTree = "<group>";
		};
		ADE70CB51D7FEA1E00012A14 /* Products */ = {
			isa = PBXGroup;
			children = (
				ADE70CB41D7FEA1E00012A14 /* login_github.app */,
			);
			name = Products;
			sourceTree = "<group>";
		};
		ADE70CB61D7FEA1E00012A14 /* login_github */ = {
			isa = PBXGroup;
			children = (
				ADE70CBA1D7FEA1E00012A14 /* AppDelegate.h */,
				ADE70CBB1D7FEA1E00012A14 /* AppDelegate.m */,
				ADE70CBD1D7FEA1E00012A14 /* ViewController.h */,
				ADE70CBE1D7FEA1E00012A14 /* ViewController.m */,
				ADE70CC01D7FEA1E00012A14 /* Main.storyboard */,
				ADE70CC31D7FEA1E00012A14 /* Assets.xcassets */,
				ADE70CC51D7FEA1E00012A14 /* LaunchScreen.storyboard */,
				ADE70CC81D7FEA1E00012A14 /* Info.plist */,
				ADE70CB71D7FEA1E00012A14 /* Supporting Files */,
			);
			path = login_github;
			sourceTree = "<group>";
		};
		ADE70CB71D7FEA1E00012A14 /* Supporting Files */ = {
			isa = PBXGroup;
			children = (
				ADE70CB81D7FEA1E00012A14 /* main.m */,
			);
			name = "Supporting Files";
			sourceTree = "<group>";
		};
/* End PBXGroup section */

/* Begin PBXNativeTarget section */
		ADE70CB31D7FEA1E00012A14 /* login_github */ = {
			isa = PBXNativeTarget;
			buildConfigurationList = ADE70CCB1D7FEA1E00012A14 /* Build configuration list for PBXNativeTarget "login_github" */;
			buildPhases = (
				ADE70CB01D7FEA1E00012A14 /* Sources */,
				ADE70CB11D7FEA1E00012A14 /* Frameworks */,
				ADE70CB21D7FEA1E00012A14 /* Resources */,
			);
			buildRules = (
			);
			dependencies = (
			);
			name = login_github;
			productName = login_github;
			productReference = ADE70CB41D7FEA1E00012A14 /* login_github.app */;
			productType = "com.apple.product-type.application";
		};
/* End PBXNativeTarget section */

/* Begin PBXProject section */
		ADE70CAC1D7FEA1E00012A14 /* Project object */ = {
			isa = PBXProject;
			attributes = {
				LastUpgradeCheck = 0720;
				ORGANIZATIONNAME = Candidate;
				TargetAttributes = {
					ADE70CB31D7FEA1E00012A14 = {
						CreatedOnToolsVersion = 7.2.1;
					};
				};
			};
			buildConfigurationList = ADE70CAF1D7FEA1E00012A14 /* Build configuration list for PBXProject "login_github" */;
			compatibilityVersion = "Xcode 3.2";
			developmentRegion = English;
			hasScannedForEncodings = 0;
			knownRegions = (
				en,
				Base,
			);
			mainGroup = ADE70CAB1D7FEA1E00012A14;
			productRefGroup = ADE70CB51D7FEA1E00012A14 /* Products */;
			projectDirPath = "";
			projectRoot = "";
			targets = (
				ADE70CB31D7FEA1E00012A14 /* login_github */,
			);
		};
/* End PBXProject section */

/* Begin PBXResourcesBuildPhase section */
		ADE70CB21D7FEA1E00012A14 /* Resources */ = {
			isa = PBXResourcesBuildPhase;
			buildActionMask = 2147483647;
			files = (
				ADE70CC71D7FEA1E00012A14 /* LaunchScreen.storyboard in Resources */,
				ADE70CC41D7FEA1E00012A14 /* Assets.xcassets in Resources */,
				ADE70CC21D7FEA1E00012A14 /* Main.storyboard in Resources */,
			);
			runOnlyForDeploymentPostprocessing = 0;
		};
/* End PBXResourcesBuildPhase section */

/* Begin PBXSourcesBuildPhase section */
		ADE70CB01D7FEA1E00012A14 /* Sources */ = {
			isa = PBXSourcesBuildPhase;
			buildActionMask = 2147483647;
			files = (
				ADE70CBF1D7FEA1E00012A14 /* ViewController.m in Sources */,
				ADE70CBC1D7FEA1E00012A14 /* AppDelegate.m in Sources */,
				ADE70CB91D7FEA1E00012A14 /* main.m in Sources */,
			);
			runOnlyForDeploymentPostprocessing = 0;
		};
/* End PBXSourcesBuildPhase section */

/* Begin PBXVariantGroup section */
		ADE70CC01D7FEA1E00012A14 /* Main.storyboard */ = {
			isa = PBXVariantGroup;
			children = (
				ADE70CC11D7FEA1E00012A14 /* Base */,
			);
			name = Main.storyboard;
			sourceTree = "<group>";
		};
		ADE70CC51D7FEA1E00012A14 /* LaunchScreen.storyboard */ = {
			isa = PBXVariantGroup;
			children = (
				ADE70CC61D7FEA1E00012A14 /* Base */,
			);
			name = LaunchScreen.storyboard;
			sourceTree = "<group>";
		};
/* End PBXVariantGroup section */

/* Begin XCBuildConfiguration section */
		ADE70CC91D7FEA1E00012A14 /* Debug */ = {
			isa = XCBuildConfiguration;
			buildSettings = {
				ALWAYS_SEARCH_USER_PATHS = NO;
				CLANG_CXX_LANGUAGE_STANDARD = "gnu++0x";
				CLANG_CXX_LIBRARY = "libc++";
				CLANG_ENABLE_MODULES = YES;
				CLANG_ENABLE_OBJC_ARC = YES;
				CLANG_WARN_BOOL_CONVERSION = YES;
				CLANG_WARN_CONSTANT_CONVERSION = YES;
				CLANG_WARN_DIRECT_OBJC_ISA_USAGE = YES_ERROR;
				CLANG_WARN_EMPTY_BODY = YES;
				CLANG_WARN_ENUM_CONVERSION = YES;
				CLANG_WARN_INT_CONVERSION = YES;
				CLANG_WARN_OBJC_ROOT_CLASS = YES_ERROR;
				CLANG_WARN_UNREACHABLE_CODE = YES;
				CLANG_WARN__DUPLICATE_METHOD_MATCH = YES;
				"CODE_SIGN_IDENTITY[sdk=iphoneos*]" = "iPhone Developer";
				COPY_PHASE_STRIP = NO;
				DEBUG_INFORMATION_FORMAT = dwarf;
				ENABLE_STRICT_OBJC_MSGSEND = YES;
				ENABLE_TESTABILITY = YES;
				GCC_C_LANGUAGE_STANDARD = gnu99;
				GCC_DYNAMIC_NO_PIC = NO;
				GCC_NO_COMMON_BLOCKS = YES;
				GCC_OPTIMIZATION_LEVEL = 0;
				GCC_PREPROCESSOR_DEFINITIONS = (
					"DEBUG=1",
					"$(inherited)",
				);
				GCC_WARN_64_TO_32_BIT_CONVERSION = YES;
				GCC_WARN_ABOUT_RETURN_TYPE = YES_ERROR;
				GCC_WARN_UNDECLARED_SELECTOR = YES;
				GCC_WARN_UNINITIALIZED_AUTOS = YES_AGGRESSIVE;
				GCC_WARN_UNUSED_FUNCTION = YES;
				GCC_WARN_UNUSED_VARIABLE = YES;
				IPHONEOS_DEPLOYMENT_TARGET = 9.2;
				MTL_ENABLE_DEBUG_INFO = YES;
				ONLY_ACTIVE_ARCH = YES;
				SDKROOT = iphoneos;
				TARGETED_DEVICE_FAMILY = "1,2";
			};
			name = Debug;
		};
		ADE70CCA1D7FEA1E00012A14 /* Release */ = {
			isa = XCBuildConfiguration;
			buildSettings = {
				ALWAYS_SEARCH_USER_PATHS = NO;
				CLANG_CXX_LANGUAGE_STANDARD = "gnu++0x";
				CLANG_CXX_LIBRARY = "libc++";
				CLANG_ENABLE_MODULES = YES;
				CLANG_ENABLE_OBJC_ARC = YES;
				CLANG_WARN_BOOL_CONVERSION = YES;
				CLANG_WARN_CONSTANT_CONVERSION = YES;
				CLANG_WARN_DIRECT_OBJC_ISA_USAGE = YES_ERROR;
				CLANG_WARN_EMPTY_BODY = YES;
				CLANG_WARN_ENUM_CONVERSION = YES;
				CLANG_WARN_INT_CONVERSION = YES;
				CLANG_WARN_OBJC_ROOT_CLASS = YES_ERROR;
				CLANG_WARN_UNREACHABLE_CODE = YES;
				CLANG_WARN__DUPLICATE_METHOD_MATCH = YES;
				"CODE_SIGN_IDENTITY[sdk=iphoneos*]" = "iPhone Developer";
				COPY_PHASE_STRIP = NO;
				DEBUG_INFORMATION_FORMAT = "dwarf-with-dsym";
				ENABLE_NS_ASSERTIONS = NO;
				ENABLE_STRICT_OBJC_MSGSEND = YES;
				GCC_C_LANGUAGE_STANDARD = gnu99;
				GCC_NO_COMMON_BLOCKS = YES;
				GCC_WARN_64_TO_32_BIT_CONVERSION = YES;
				GCC_WARN_ABOUT_RETURN_TYPE = YES_ERROR;
				GCC_WARN_UNDECLARED_SELECTOR = YES;
				GCC_WARN_UNINITIALIZED_AUTOS = YES_AGGRESSIVE;
				GCC_WARN_UNUSED_FUNCTION = YES;
				GCC_WARN_UNUSED_VARIABLE = YES;
				IPHONEOS_DEPLOYMENT_TARGET = 9.2;
				MTL_ENABLE_DEBUG_INFO = NO;
				SDKROOT = iphoneos;
				TARGETED_DEVICE_FAMILY = "1,2";
				VALIDATE_PRODUCT = YES;
			};
			name = Release;
		};
		ADE70CCC1D7FEA1E00012A14 /* Debug */ = {
			isa = XCBuildConfiguration;
			buildSettings = {
				ASSETCATALOG_COMPILER_APPICON_NAME = AppIcon;
				INFOPLIST_FILE = login_github/Info.plist;
				LD_RUNPATH_SEARCH_PATHS = "$(inherited) @executable_path/Frameworks";
				PRODUCT_BUNDLE_IDENTIFIER = "Calibraint.login-github";
				PRODUCT_NAME = "$(TARGET_NAME)";
			};
			name = Debug;
		};
		ADE70CCD1D7FEA1E00012A14 /* Release */ = {
			isa = XCBuildConfiguration;
			buildSettings = {
				ASSETCATALOG_COMPILER_APPICON_NAME = AppIcon;
				INFOPLIST_FILE = login_github/Info.plist;
				LD_RUNPATH_SEARCH_PATHS = "$(inherited) @executable_path/Frameworks";
				PRODUCT_BUNDLE_IDENTIFIER = "Calibraint.login-github";
				PRODUCT_NAME = "$(TARGET_NAME)";
			};
			name = Release;
		};
/* End XCBuildConfiguration section */

/* Begin XCConfigurationList section */
		ADE70CAF1D7FEA1E00012A14 /* Build configuration list for PBXProject "login_github" */ = {
			isa = XCConfigurationList;
			buildConfigurations = (
				ADE70CC91D7FEA1E00012A14 /* Debug */,
				ADE70CCA1D7FEA1E00012A14 /* Release */,
			);
			defaultConfigurationIsVisible = 0;
			defaultConfigurationName = Release;
		};
		ADE70CCB1D7FEA1E00012A14 /* Build configuration list for PBXNativeTarget "login_github" */ = {
			isa = XCConfigurationList;
			buildConfigurations = (
				ADE70CCC1D7FEA1E00012A14 /* Debug */,
				ADE70CCD1D7FEA1E00012A14 /* Release */,
			);
			defaultConfigurationIsVisible = 0;
		};
/* End XCConfigurationList section */
	};
	rootObject = ADE70CAC1D7FEA1E00012A14 /* Project object */;
}
